// !$*UTF8*$!
{
	archiveVersion = 1;
	classes = {
	};
	objectVersion = 48;
	objects = {

/* Begin PBXBuildFile section */
		0490B6911FF3819C00A0E75D /* AppDelegate.swift in Sources */ = {isa = PBXBuildFile; fileRef = 0490B6901FF3819C00A0E75D /* AppDelegate.swift */; };
		0490B6931FF3819C00A0E75D /* ViewController.swift in Sources */ = {isa = PBXBuildFile; fileRef = 0490B6921FF3819C00A0E75D /* ViewController.swift */; };
		0490B6961FF3819C00A0E75D /* Main.storyboard in Resources */ = {isa = PBXBuildFile; fileRef = 0490B6941FF3819C00A0E75D /* Main.storyboard */; };
		0490B6981FF3819C00A0E75D /* Assets.xcassets in Resources */ = {isa = PBXBuildFile; fileRef = 0490B6971FF3819C00A0E75D /* Assets.xcassets */; };
		0490B69B1FF3819C00A0E75D /* LaunchScreen.storyboard in Resources */ = {isa = PBXBuildFile; fileRef = 0490B6991FF3819C00A0E75D /* LaunchScreen.storyboard */; };
/* End PBXBuildFile section */

/* Begin PBXFileReference section */
		0490B68D1FF3819C00A0E75D /* Socket_QQ.app */ = {isa = PBXFileReference; explicitFileType = wrapper.application; includeInIndex = 0; path = Socket_QQ.app; sourceTree = BUILT_PRODUCTS_DIR; };
		0490B6901FF3819C00A0E75D /* AppDelegate.swift */ = {isa = PBXFileReference; lastKnownFileType = sourcecode.swift; path = AppDelegate.swift; sourceTree = "<group>"; };
		0490B6921FF3819C00A0E75D /* ViewController.swift */ = {isa = PBXFileReference; lastKnownFileType = sourcecode.swift; path = ViewController.swift; sourceTree = "<group>"; };
		0490B6951FF3819C00A0E75D /* Base */ = {isa = PBXFileReference; lastKnownFileType = file.storyboard; name = Base; path = Base.lproj/Main.storyboard; sourceTree = "<group>"; };
		0490B6971FF3819C00A0E75D /* Assets.xcassets */ = {isa = PBXFileReference; lastKnownFileType = folder.assetcatalog; path = Assets.xcassets; sourceTree = "<group>"; };
		0490B69A1FF3819C00A0E75D /* Base */ = {isa = PBXFileReference; lastKnownFileType = file.storyboard; name = Base; path = Base.lproj/LaunchScreen.storyboard; sourceTree = "<group>"; };
		0490B69C1FF3819C00A0E75D /* Info.plist */ = {isa = PBXFileReference; lastKnownFileType = text.plist.xml; path = Info.plist; sourceTree = "<group>"; };
		0490B6A21FF381BE00A0E75D /* Header.h */ = {isa = PBXFileReference; lastKnownFileType = sourcecode.c.h; path = Header.h; sourceTree = "<group>"; };
/* End PBXFileReference section */

/* Begin PBXFrameworksBuildPhase section */
		0490B68A1FF3819C00A0E75D /* Frameworks */ = {
			isa = PBXFrameworksBuildPhase;
			buildActionMask = 2147483647;
			files = (
			);
			runOnlyForDeploymentPostprocessing = 0;
		};
/* End PBXFrameworksBuildPhase section */

/* Begin PBXGroup section */
		0490B6841FF3819C00A0E75D = {
			isa = PBXGroup;
			children = (
				0490B68F1FF3819C00A0E75D /* Socket_QQ */,
				0490B68E1FF3819C00A0E75D /* Products */,
			);
			sourceTree = "<group>";
		};
		0490B68E1FF3819C00A0E75D /* Products */ = {
			isa = PBXGroup;
			children = (
				0490B68D1FF3819C00A0E75D /* Socket_QQ.app */,
			);
			name = Products;
			sourceTree = "<group>";
		};
		0490B68F1FF3819C00A0E75D /* Socket_QQ */ = {
			isa = PBXGroup;
			children = (
				0490B6901FF3819C00A0E75D /* AppDelegate.swift */,
				0490B6921FF3819C00A0E75D /* ViewController.swift */,
				0490B6941FF3819C00A0E75D /* Main.storyboard */,
				0490B6971FF3819C00A0E75D /* Assets.xcassets */,
				0490B6991FF3819C00A0E75D /* LaunchScreen.storyboard */,
				0490B69C1FF3819C00A0E75D /* Info.plist */,
				0490B6A21FF381BE00A0E75D /* Header.h */,
			);
			path = Socket_QQ;
			sourceTree = "<group>";
		};
/* End PBXGroup section */

/* Begin PBXNativeTarget section */
		0490B68C1FF3819C00A0E75D /* Socket_QQ */ = {
			isa = PBXNativeTarget;
			buildConfigurationList = 0490B69F1FF3819C00A0E75D /* Build configuration list for PBXNativeTarget "Socket_QQ" */;
			buildPhases = (
				0490B6891FF3819C00A0E75D /* Sources */,
				0490B68A1FF3819C00A0E75D /* Frameworks */,
				0490B68B1FF3819C00A0E75D /* Resources */,
			);
			buildRules = (
			);
			dependencies = (
			);
			name = Socket_QQ;
			productName = Socket_QQ;
			productReference = 0490B68D1FF3819C00A0E75D /* Socket_QQ.app */;
			productType = "com.apple.product-type.application";
		};
/* End PBXNativeTarget section */

/* Begin PBXProject section */
		0490B6851FF3819C00A0E75D /* Project object */ = {
			isa = PBXProject;
			attributes = {
				LastSwiftUpdateCheck = 0900;
				LastUpgradeCheck = 0900;
				ORGANIZATIONNAME = modi;
				TargetAttributes = {
					0490B68C1FF3819C00A0E75D = {
						CreatedOnToolsVersion = 9.0;
						ProvisioningStyle = Automatic;
					};
				};
			};
			buildConfigurationList = 0490B6881FF3819C00A0E75D /* Build configuration list for PBXProject "Socket_QQ" */;
			compatibilityVersion = "Xcode 8.0";
			developmentRegion = en;
			hasScannedForEncodings = 0;
			knownRegions = (
				en,
				Base,
			);
			mainGroup = 0490B6841FF3819C00A0E75D;
			productRefGroup = 0490B68E1FF3819C00A0E75D /* Products */;
			projectDirPath = "";
			projectRoot = "";
			targets = (
				0490B68C1FF3819C00A0E75D /* Socket_QQ */,
			);
		};
/* End PBXProject section */

/* Begin PBXResourcesBuildPhase section */
		0490B68B1FF3819C00A0E75D /* Resources */ = {
			isa = PBXResourcesBuildPhase;
			buildActionMask = 2147483647;
			files = (
				0490B69B1FF3819C00A0E75D /* LaunchScreen.storyboard in Resources */,
				0490B6981FF3819C00A0E75D /* Assets.xcassets in Resources */,
				0490B6961FF3819C00A0E75D /* Main.storyboard in Resources */,
			);
			runOnlyForDeploymentPostprocessing = 0;
		};
/* End PBXResourcesBuildPhase section */

/* Begin PBXSourcesBuildPhase section */
		0490B6891FF3819C00A0E75D /* Sources */ = {
			isa = PBXSourcesBuildPhase;
			buildActionMask = 2147483647;
			files = (
				0490B6931FF3819C00A0E75D /* ViewController.swift in Sources */,
				0490B6911FF3819C00A0E75D /* AppDelegate.swift in Sources */,
			);
			runOnlyForDeploymentPostprocessing = 0;
		};
/* End PBXSourcesBuildPhase section */

/* Begin PBXVariantGroup section */
		0490B6941FF3819C00A0E75D /* Main.storyboard */ = {
			isa = PBXVariantGroup;
			children = (
				0490B6951FF3819C00A0E75D /* Base */,
			);
			name = Main.storyboard;
			sourceTree = "<group>";
		};
		0490B6991FF3819C00A0E75D /* LaunchScreen.storyboard */ = {
			isa = PBXVariantGroup;
			children = (
				0490B69A1FF3819C00A0E75D /* Base */,
			);
			name = LaunchScreen.storyboard;
			sourceTree = "<group>";
		};
/* End PBXVariantGroup section */

/* Begin XCBuildConfiguration section */
		0490B69D1FF3819C00A0E75D /* Debug */ = {
			isa = XCBuildConfiguration;
			buildSettings = {
				ALWAYS_SEARCH_USER_PATHS = NO;
				CLANG_ANALYZER_NONNULL = YES;
				CLANG_ANALYZER_NUMBER_OBJECT_CONVERSION = YES_AGGRESSIVE;
				CLANG_CXX_LANGUAGE_STANDARD = "gnu++14";
				CLANG_CXX_LIBRARY = "libc++";
				CLANG_ENABLE_MODULES = YES;
				CLANG_ENABLE_OBJC_ARC = YES;
				CLANG_WARN_BLOCK_CAPTURE_AUTORELEASING = YES;
				CLANG_WARN_BOOL_CONVERSION = YES;
				CLANG_WARN_COMMA = YES;
				CLANG_WARN_CONSTANT_CONVERSION = YES;
				CLANG_WARN_DIRECT_OBJC_ISA_USAGE = YES_ERROR;
				CLANG_WARN_DOCUMENTATION_COMMENTS = YES;
				CLANG_WARN_EMPTY_BODY = YES;
				CLANG_WARN_ENUM_CONVERSION = YES;
				CLANG_WARN_INFINITE_RECURSION = YES;
				CLANG_WARN_INT_CONVERSION = YES;
				CLANG_WARN_NON_LITERAL_NULL_CONVERSION = YES;
				CLANG_WARN_OBJC_LITERAL_CONVERSION = YES;
				CLANG_WARN_OBJC_ROOT_CLASS = YES_ERROR;
				CLANG_WARN_RANGE_LOOP_ANALYSIS = YES;
				CLANG_WARN_STRICT_PROTOTYPES = YES;
				CLANG_WARN_SUSPICIOUS_MOVE = YES;
				CLANG_WARN_UNGUARDED_AVAILABILITY = YES_AGGRESSIVE;
				CLANG_WARN_UNREACHABLE_CODE = YES;
				CLANG_WARN__DUPLICATE_METHOD_MATCH = YES;
				CODE_SIGN_IDENTITY = "iPhone Developer";
				COPY_PHASE_STRIP = NO;
				DEBUG_INFORMATION_FORMAT = dwarf;
				ENABLE_STRICT_OBJC_MSGSEND = YES;
				ENABLE_TESTABILITY = YES;
				GCC_C_LANGUAGE_STANDARD = gnu11;
				GCC_DYNAMIC_NO_PIC = NO;
				GCC_NO_COMMON_BLOCKS = YES;
				GCC_OPTIMIZATION_LEVEL = 0;
				GCC_PREPROCESSOR_DEFINITIONS = (
					"DEBUG=1",
					"$(inherited)",
				);
				GCC_WARN_64_TO_32_BIT_CONVERSION = YES;
				GCC_WARN_ABOUT_RETURN_TYPE = YES_ERROR;
				GCC_WARN_UNDECLARED_SELECTOR = YES;
				GCC_WARN_UNINITIALIZED_AUTOS = YES_AGGRESSIVE;
				GCC_WARN_UNUSED_FUNCTION = YES;
				GCC_WARN_UNUSED_VARIABLE = YES;
				IPHONEOS_DEPLOYMENT_TARGET = 11.0;
				MTL_ENABLE_DEBUG_INFO = YES;
				ONLY_ACTIVE_ARCH = YES;
				SDKROOT = iphoneos;
				SWIFT_ACTIVE_COMPILATION_CONDITIONS = DEBUG;
				SWIFT_OPTIMIZATION_LEVEL = "-Onone";
			};
			name = Debug;
		};
		0490B69E1FF3819C00A0E75D /* Release */ = {
			isa = XCBuildConfiguration;
			buildSettings = {
				ALWAYS_SEARCH_USER_PATHS = NO;
				CLANG_ANALYZER_NONNULL = YES;
				CLANG_ANALYZER_NUMBER_OBJECT_CONVERSION = YES_AGGRESSIVE;
				CLANG_CXX_LANGUAGE_STANDARD = "gnu++14";
				CLANG_CXX_LIBRARY = "libc++";
				CLANG_ENABLE_MODULES = YES;
				CLANG_ENABLE_OBJC_ARC = YES;
				CLANG_WARN_BLOCK_CAPTURE_AUTORELEASING = YES;
				CLANG_WARN_BOOL_CONVERSION = YES;
				CLANG_WARN_COMMA = YES;
				CLANG_WARN_CONSTANT_CONVERSION = YES;
				CLANG_WARN_DIRECT_OBJC_ISA_USAGE = YES_ERROR;
				CLANG_WARN_DOCUMENTATION_COMMENTS = YES;
				CLANG_WARN_EMPTY_BODY = YES;
				CLANG_WARN_ENUM_CONVERSION = YES;
				CLANG_WARN_INFINITE_RECURSION = YES;
				CLANG_WARN_INT_CONVERSION = YES;
				CLANG_WARN_NON_LITERAL_NULL_CONVERSION = YES;
				CLANG_WARN_OBJC_LITERAL_CONVERSION = YES;
				CLANG_WARN_OBJC_ROOT_CLASS = YES_ERROR;
				CLANG_WARN_RANGE_LOOP_ANALYSIS = YES;
				CLANG_WARN_STRICT_PROTOTYPES = YES;
				CLANG_WARN_SUSPICIOUS_MOVE = YES;
				CLANG_WARN_UNGUARDED_AVAILABILITY = YES_AGGRESSIVE;
				CLANG_WARN_UNREACHABLE_CODE = YES;
				CLANG_WARN__DUPLICATE_METHOD_MATCH = YES;
				CODE_SIGN_IDENTITY = "iPhone Developer";
				COPY_PHASE_STRIP = NO;
				DEBUG_INFORMATION_FORMAT = "dwarf-with-dsym";
				ENABLE_NS_ASSERTIONS = NO;
				ENABLE_STRICT_OBJC_MSGSEND = YES;
				GCC_C_LANGUAGE_STANDARD = gnu11;
				GCC_NO_COMMON_BLOCKS = YES;
				GCC_WARN_64_TO_32_BIT_CONVERSION = YES;
				GCC_WARN_ABOUT_RETURN_TYPE = YES_ERROR;
				GCC_WARN_UNDECLARED_SELECTOR = YES;
				GCC_WARN_UNINITIALIZED_AUTOS = YES_AGGRESSIVE;
				GCC_WARN_UNUSED_FUNCTION = YES;
				GCC_WARN_UNUSED_VARIABLE = YES;
				IPHONEOS_DEPLOYMENT_TARGET = 11.0;
				MTL_ENABLE_DEBUG_INFO = NO;
				SDKROOT = iphoneos;
				SWIFT_OPTIMIZATION_LEVEL = "-Owholemodule";
				VALIDATE_PRODUCT = YES;
			};
			name = Release;
		};
		0490B6A01FF3819C00A0E75D /* Debug */ = {
			isa = XCBuildConfiguration;
			buildSettings = {
				ASSETCATALOG_COMPILER_APPICON_NAME = AppIcon;
				CODE_SIGN_STYLE = Automatic;
				INFOPLIST_FILE = Socket_QQ/Info.plist;
				LD_RUNPATH_SEARCH_PATHS = "$(inherited) @executable_path/Frameworks";
				PRODUCT_BUNDLE_IDENTIFIER = "com.modi.Socket-QQ";
				PRODUCT_NAME = "$(TARGET_NAME)";
				SWIFT_OBJC_BRIDGING_HEADER = Socket_QQ/Header.h;
				SWIFT_VERSION = 4.0;
				TARGETED_DEVICE_FAMILY = "1,2";
			};
			name = Debug;
		};
		0490B6A11FF3819C00A0E75D /* Release */ = {
			isa = XCBuildConfiguration;
			buildSettings = {
				ASSETCATALOG_COMPILER_APPICON_NAME = AppIcon;
				CODE_SIGN_STYLE = Automatic;
				INFOPLIST_FILE = Socket_QQ/Info.plist;
				LD_RUNPATH_SEARCH_PATHS = "$(inherited) @executable_path/Frameworks";
				PRODUCT_BUNDLE_IDENTIFIER = "com.modi.Socket-QQ";
				PRODUCT_NAME = "$(TARGET_NAME)";
				SWIFT_OBJC_BRIDGING_HEADER = Socket_QQ/Header.h;
				SWIFT_VERSION = 4.0;
				TARGETED_DEVICE_FAMILY = "1,2";
			};
			name = Release;
		};
/* End XCBuildConfiguration section */

/* Begin XCConfigurationList section */
		0490B6881FF3819C00A0E75D /* Build configuration list for PBXProject "Socket_QQ" */ = {
			isa = XCConfigurationList;
			buildConfigurations = (
				0490B69D1FF3819C00A0E75D /* Debug */,
				0490B69E1FF3819C00A0E75D /* Release */,
			);
			defaultConfigurationIsVisible = 0;
			defaultConfigurationName = Release;
		};
		0490B69F1FF3819C00A0E75D /* Build configuration list for PBXNativeTarget "Socket_QQ" */ = {
			isa = XCConfigurationList;
			buildConfigurations = (
				0490B6A01FF3819C00A0E75D /* Debug */,
				0490B6A11FF3819C00A0E75D /* Release */,
			);
			defaultConfigurationIsVisible = 0;
			defaultConfigurationName = Release;
		};
/* End XCConfigurationList section */
	};
	rootObject = 0490B6851FF3819C00A0E75D /* Project object */;
}
